
Microsoft Visual Studio Solution File, Format Version 12.00
# Visual Studio 15
VisualStudioVersion = 15.0.26124.0
MinimumVisualStudioVersion = 15.0.26124.0
Project("{FAE04EC0-301F-11D3-BF4B-00C04F79EFBC}") = "LeastWeasel.Messaging", "src\LeastWeasel.Messaging\LeastWeasel.Messaging.csproj", "{4C1B8325-C45A-4F4E-9F23-47DB640F90AB}"
EndProject
Project("{2150E333-8FDC-42A3-9474-1A3956D46DE8}") = "samples", "samples", "{AD4AC21F-AB2D-414A-8126-16334819082A}"
EndProject
Project("{2150E333-8FDC-42A3-9474-1A3956D46DE8}") = "ConsoleRPC", "ConsoleRPC", "{A80635F2-7575-4737-B8B6-4C051361D988}"
EndProject
Project("{FAE04EC0-301F-11D3-BF4B-00C04F79EFBC}") = "ConsoleClient", "samples\ConsoleRPC\ConsoleClient\ConsoleClient.csproj", "{F86ACB27-D66A-4F56-A3CB-B6EC3A3D0F4E}"
EndProject
Project("{FAE04EC0-301F-11D3-BF4B-00C04F79EFBC}") = "ConsoleListener", "samples\ConsoleRPC\ConsoleListener\ConsoleListener.csproj", "{86BD214F-89EA-4CDE-B7F1-7FE2ABC17B76}"
EndProject
Project("{FAE04EC0-301F-11D3-BF4B-00C04F79EFBC}") = "ConsoleModel", "samples\ConsoleRPC\ConsoleModel\ConsoleModel.csproj", "{8703A807-3D02-40AF-9359-0CED79456A36}"
EndProject
Project("{2150E333-8FDC-42A3-9474-1A3956D46DE8}") = "ConsoleFileSend", "ConsoleFileSend", "{63F003F2-47BF-49EA-BA7F-6CE4D4A936D4}"
EndProject
Project("{FAE04EC0-301F-11D3-BF4B-00C04F79EFBC}") = "FileClient", "samples\ConsoleFileSend\FileClient\FileClient.csproj", "{FC5EDF90-75BF-4FBD-BE95-3959002E608A}"
EndProject
Project("{FAE04EC0-301F-11D3-BF4B-00C04F79EFBC}") = "FileListener", "samples\ConsoleFileSend\FileListener\FileListener.csproj", "{E3126EE1-CAE5-4834-BB54-0B34B39CB6EF}"
EndProject
Project("{2150E333-8FDC-42A3-9474-1A3956D46DE8}") = "src", "src", "{FC3BD204-C815-4889-ADA5-229B4063D8D0}"
EndProject
Project("{FAE04EC0-301F-11D3-BF4B-00C04F79EFBC}") = "LeastWeasel.Service", "src\LeastWeasel.Service\LeastWeasel.Service.csproj", "{95E7EEE5-E8A5-4FE6-8559-AE1F8ED1C78D}"
EndProject
Project("{FAE04EC0-301F-11D3-BF4B-00C04F79EFBC}") = "LeastWeasel.Abstractions", "src\LeastWeasel.Abstractions\LeastWeasel.Abstractions.csproj", "{35E8261B-5138-4B3D-8913-523274EDEFB9}"
EndProject
Global
	GlobalSection(SolutionConfigurationPlatforms) = preSolution
		Debug|Any CPU = Debug|Any CPU
		Debug|x64 = Debug|x64
		Debug|x86 = Debug|x86
		Release|Any CPU = Release|Any CPU
		Release|x64 = Release|x64
		Release|x86 = Release|x86
	EndGlobalSection
	GlobalSection(SolutionProperties) = preSolution
		HideSolutionNode = FALSE
	EndGlobalSection
	GlobalSection(ProjectConfigurationPlatforms) = postSolution
		{4C1B8325-C45A-4F4E-9F23-47DB640F90AB}.Debug|Any CPU.ActiveCfg = Debug|Any CPU
		{4C1B8325-C45A-4F4E-9F23-47DB640F90AB}.Debug|Any CPU.Build.0 = Debug|Any CPU
		{4C1B8325-C45A-4F4E-9F23-47DB640F90AB}.Debug|x64.ActiveCfg = Debug|Any CPU
		{4C1B8325-C45A-4F4E-9F23-47DB640F90AB}.Debug|x64.Build.0 = Debug|Any CPU
		{4C1B8325-C45A-4F4E-9F23-47DB640F90AB}.Debug|x86.ActiveCfg = Debug|Any CPU
		{4C1B8325-C45A-4F4E-9F23-47DB640F90AB}.Debug|x86.Build.0 = Debug|Any CPU
		{4C1B8325-C45A-4F4E-9F23-47DB640F90AB}.Release|Any CPU.ActiveCfg = Release|Any CPU
		{4C1B8325-C45A-4F4E-9F23-47DB640F90AB}.Release|Any CPU.Build.0 = Release|Any CPU
		{4C1B8325-C45A-4F4E-9F23-47DB640F90AB}.Release|x64.ActiveCfg = Release|Any CPU
		{4C1B8325-C45A-4F4E-9F23-47DB640F90AB}.Release|x64.Build.0 = Release|Any CPU
		{4C1B8325-C45A-4F4E-9F23-47DB640F90AB}.Release|x86.ActiveCfg = Release|Any CPU
		{4C1B8325-C45A-4F4E-9F23-47DB640F90AB}.Release|x86.Build.0 = Release|Any CPU
		{F86ACB27-D66A-4F56-A3CB-B6EC3A3D0F4E}.Debug|Any CPU.ActiveCfg = Debug|Any CPU
		{F86ACB27-D66A-4F56-A3CB-B6EC3A3D0F4E}.Debug|Any CPU.Build.0 = Debug|Any CPU
		{F86ACB27-D66A-4F56-A3CB-B6EC3A3D0F4E}.Debug|x64.ActiveCfg = Debug|Any CPU
		{F86ACB27-D66A-4F56-A3CB-B6EC3A3D0F4E}.Debug|x64.Build.0 = Debug|Any CPU
		{F86ACB27-D66A-4F56-A3CB-B6EC3A3D0F4E}.Debug|x86.ActiveCfg = Debug|Any CPU
		{F86ACB27-D66A-4F56-A3CB-B6EC3A3D0F4E}.Debug|x86.Build.0 = Debug|Any CPU
		{F86ACB27-D66A-4F56-A3CB-B6EC3A3D0F4E}.Release|Any CPU.ActiveCfg = Release|Any CPU
		{F86ACB27-D66A-4F56-A3CB-B6EC3A3D0F4E}.Release|Any CPU.Build.0 = Release|Any CPU
		{F86ACB27-D66A-4F56-A3CB-B6EC3A3D0F4E}.Release|x64.ActiveCfg = Release|Any CPU
		{F86ACB27-D66A-4F56-A3CB-B6EC3A3D0F4E}.Release|x64.Build.0 = Release|Any CPU
		{F86ACB27-D66A-4F56-A3CB-B6EC3A3D0F4E}.Release|x86.ActiveCfg = Release|Any CPU
		{F86ACB27-D66A-4F56-A3CB-B6EC3A3D0F4E}.Release|x86.Build.0 = Release|Any CPU
		{86BD214F-89EA-4CDE-B7F1-7FE2ABC17B76}.Debug|Any CPU.ActiveCfg = Debug|Any CPU
		{86BD214F-89EA-4CDE-B7F1-7FE2ABC17B76}.Debug|Any CPU.Build.0 = Debug|Any CPU
		{86BD214F-89EA-4CDE-B7F1-7FE2ABC17B76}.Debug|x64.ActiveCfg = Debug|Any CPU
		{86BD214F-89EA-4CDE-B7F1-7FE2ABC17B76}.Debug|x64.Build.0 = Debug|Any CPU
		{86BD214F-89EA-4CDE-B7F1-7FE2ABC17B76}.Debug|x86.ActiveCfg = Debug|Any CPU
		{86BD214F-89EA-4CDE-B7F1-7FE2ABC17B76}.Debug|x86.Build.0 = Debug|Any CPU
		{86BD214F-89EA-4CDE-B7F1-7FE2ABC17B76}.Release|Any CPU.ActiveCfg = Release|Any CPU
		{86BD214F-89EA-4CDE-B7F1-7FE2ABC17B76}.Release|Any CPU.Build.0 = Release|Any CPU
		{86BD214F-89EA-4CDE-B7F1-7FE2ABC17B76}.Release|x64.ActiveCfg = Release|Any CPU
		{86BD214F-89EA-4CDE-B7F1-7FE2ABC17B76}.Release|x64.Build.0 = Release|Any CPU
		{86BD214F-89EA-4CDE-B7F1-7FE2ABC17B76}.Release|x86.ActiveCfg = Release|Any CPU
		{86BD214F-89EA-4CDE-B7F1-7FE2ABC17B76}.Release|x86.Build.0 = Release|Any CPU
		{8703A807-3D02-40AF-9359-0CED79456A36}.Debug|Any CPU.ActiveCfg = Debug|Any CPU
		{8703A807-3D02-40AF-9359-0CED79456A36}.Debug|Any CPU.Build.0 = Debug|Any CPU
		{8703A807-3D02-40AF-9359-0CED79456A36}.Debug|x64.ActiveCfg = Debug|Any CPU
		{8703A807-3D02-40AF-9359-0CED79456A36}.Debug|x64.Build.0 = Debug|Any CPU
		{8703A807-3D02-40AF-9359-0CED79456A36}.Debug|x86.ActiveCfg = Debug|Any CPU
		{8703A807-3D02-40AF-9359-0CED79456A36}.Debug|x86.Build.0 = Debug|Any CPU
		{8703A807-3D02-40AF-9359-0CED79456A36}.Release|Any CPU.ActiveCfg = Release|Any CPU
		{8703A807-3D02-40AF-9359-0CED79456A36}.Release|Any CPU.Build.0 = Release|Any CPU
		{8703A807-3D02-40AF-9359-0CED79456A36}.Release|x64.ActiveCfg = Release|Any CPU
		{8703A807-3D02-40AF-9359-0CED79456A36}.Release|x64.Build.0 = Release|Any CPU
		{8703A807-3D02-40AF-9359-0CED79456A36}.Release|x86.ActiveCfg = Release|Any CPU
		{8703A807-3D02-40AF-9359-0CED79456A36}.Release|x86.Build.0 = Release|Any CPU
		{FC5EDF90-75BF-4FBD-BE95-3959002E608A}.Debug|Any CPU.ActiveCfg = Debug|Any CPU
		{FC5EDF90-75BF-4FBD-BE95-3959002E608A}.Debug|Any CPU.Build.0 = Debug|Any CPU
		{FC5EDF90-75BF-4FBD-BE95-3959002E608A}.Debug|x64.ActiveCfg = Debug|Any CPU
		{FC5EDF90-75BF-4FBD-BE95-3959002E608A}.Debug|x64.Build.0 = Debug|Any CPU
		{FC5EDF90-75BF-4FBD-BE95-3959002E608A}.Debug|x86.ActiveCfg = Debug|Any CPU
		{FC5EDF90-75BF-4FBD-BE95-3959002E608A}.Debug|x86.Build.0 = Debug|Any CPU
		{FC5EDF90-75BF-4FBD-BE95-3959002E608A}.Release|Any CPU.ActiveCfg = Release|Any CPU
		{FC5EDF90-75BF-4FBD-BE95-3959002E608A}.Release|Any CPU.Build.0 = Release|Any CPU
		{FC5EDF90-75BF-4FBD-BE95-3959002E608A}.Release|x64.ActiveCfg = Release|Any CPU
		{FC5EDF90-75BF-4FBD-BE95-3959002E608A}.Release|x64.Build.0 = Release|Any CPU
		{FC5EDF90-75BF-4FBD-BE95-3959002E608A}.Release|x86.ActiveCfg = Release|Any CPU
		{FC5EDF90-75BF-4FBD-BE95-3959002E608A}.Release|x86.Build.0 = Release|Any CPU
		{E3126EE1-CAE5-4834-BB54-0B34B39CB6EF}.Debug|Any CPU.ActiveCfg = Debug|Any CPU
		{E3126EE1-CAE5-4834-BB54-0B34B39CB6EF}.Debug|Any CPU.Build.0 = Debug|Any CPU
		{E3126EE1-CAE5-4834-BB54-0B34B39CB6EF}.Debug|x64.ActiveCfg = Debug|Any CPU
		{E3126EE1-CAE5-4834-BB54-0B34B39CB6EF}.Debug|x64.Build.0 = Debug|Any CPU
		{E3126EE1-CAE5-4834-BB54-0B34B39CB6EF}.Debug|x86.ActiveCfg = Debug|Any CPU
		{E3126EE1-CAE5-4834-BB54-0B34B39CB6EF}.Debug|x86.Build.0 = Debug|Any CPU
		{E3126EE1-CAE5-4834-BB54-0B34B39CB6EF}.Release|Any CPU.ActiveCfg = Release|Any CPU
		{E3126EE1-CAE5-4834-BB54-0B34B39CB6EF}.Release|Any CPU.Build.0 = Release|Any CPU
		{E3126EE1-CAE5-4834-BB54-0B34B39CB6EF}.Release|x64.ActiveCfg = Release|Any CPU
		{E3126EE1-CAE5-4834-BB54-0B34B39CB6EF}.Release|x64.Build.0 = Release|Any CPU
		{E3126EE1-CAE5-4834-BB54-0B34B39CB6EF}.Release|x86.ActiveCfg = Release|Any CPU
		{E3126EE1-CAE5-4834-BB54-0B34B39CB6EF}.Release|x86.Build.0 = Release|Any CPU
		{95E7EEE5-E8A5-4FE6-8559-AE1F8ED1C78D}.Debug|Any CPU.ActiveCfg = Debug|Any CPU
		{95E7EEE5-E8A5-4FE6-8559-AE1F8ED1C78D}.Debug|Any CPU.Build.0 = Debug|Any CPU
		{95E7EEE5-E8A5-4FE6-8559-AE1F8ED1C78D}.Debug|x64.ActiveCfg = Debug|Any CPU
		{95E7EEE5-E8A5-4FE6-8559-AE1F8ED1C78D}.Debug|x64.Build.0 = Debug|Any CPU
		{95E7EEE5-E8A5-4FE6-8559-AE1F8ED1C78D}.Debug|x86.ActiveCfg = Debug|Any CPU
		{95E7EEE5-E8A5-4FE6-8559-AE1F8ED1C78D}.Debug|x86.Build.0 = Debug|Any CPU
		{95E7EEE5-E8A5-4FE6-8559-AE1F8ED1C78D}.Release|Any CPU.ActiveCfg = Release|Any CPU
		{95E7EEE5-E8A5-4FE6-8559-AE1F8ED1C78D}.Release|Any CPU.Build.0 = Release|Any CPU
		{95E7EEE5-E8A5-4FE6-8559-AE1F8ED1C78D}.Release|x64.ActiveCfg = Release|Any CPU
		{95E7EEE5-E8A5-4FE6-8559-AE1F8ED1C78D}.Release|x64.Build.0 = Release|Any CPU
		{95E7EEE5-E8A5-4FE6-8559-AE1F8ED1C78D}.Release|x86.ActiveCfg = Release|Any CPU
		{95E7EEE5-E8A5-4FE6-8559-AE1F8ED1C78D}.Release|x86.Build.0 = Release|Any CPU
		{35E8261B-5138-4B3D-8913-523274EDEFB9}.Debug|Any CPU.ActiveCfg = Debug|Any CPU
		{35E8261B-5138-4B3D-8913-523274EDEFB9}.Debug|Any CPU.Build.0 = Debug|Any CPU
		{35E8261B-5138-4B3D-8913-523274EDEFB9}.Debug|x64.ActiveCfg = Debug|Any CPU
		{35E8261B-5138-4B3D-8913-523274EDEFB9}.Debug|x64.Build.0 = Debug|Any CPU
		{35E8261B-5138-4B3D-8913-523274EDEFB9}.Debug|x86.ActiveCfg = Debug|Any CPU
		{35E8261B-5138-4B3D-8913-523274EDEFB9}.Debug|x86.Build.0 = Debug|Any CPU
		{35E8261B-5138-4B3D-8913-523274EDEFB9}.Release|Any CPU.ActiveCfg = Release|Any CPU
		{35E8261B-5138-4B3D-8913-523274EDEFB9}.Release|Any CPU.Build.0 = Release|Any CPU
		{35E8261B-5138-4B3D-8913-523274EDEFB9}.Release|x64.ActiveCfg = Release|Any CPU
		{35E8261B-5138-4B3D-8913-523274EDEFB9}.Release|x64.Build.0 = Release|Any CPU
		{35E8261B-5138-4B3D-8913-523274EDEFB9}.Release|x86.ActiveCfg = Release|Any CPU
		{35E8261B-5138-4B3D-8913-523274EDEFB9}.Release|x86.Build.0 = Release|Any CPU
	EndGlobalSection
	GlobalSection(NestedProjects) = preSolution
		{A80635F2-7575-4737-B8B6-4C051361D988} = {AD4AC21F-AB2D-414A-8126-16334819082A}
		{F86ACB27-D66A-4F56-A3CB-B6EC3A3D0F4E} = {A80635F2-7575-4737-B8B6-4C051361D988}
		{86BD214F-89EA-4CDE-B7F1-7FE2ABC17B76} = {A80635F2-7575-4737-B8B6-4C051361D988}
		{8703A807-3D02-40AF-9359-0CED79456A36} = {A80635F2-7575-4737-B8B6-4C051361D988}
		{63F003F2-47BF-49EA-BA7F-6CE4D4A936D4} = {AD4AC21F-AB2D-414A-8126-16334819082A}
		{FC5EDF90-75BF-4FBD-BE95-3959002E608A} = {63F003F2-47BF-49EA-BA7F-6CE4D4A936D4}
		{E3126EE1-CAE5-4834-BB54-0B34B39CB6EF} = {63F003F2-47BF-49EA-BA7F-6CE4D4A936D4}
		{95E7EEE5-E8A5-4FE6-8559-AE1F8ED1C78D} = {FC3BD204-C815-4889-ADA5-229B4063D8D0}
		{35E8261B-5138-4B3D-8913-523274EDEFB9} = {FC3BD204-C815-4889-ADA5-229B4063D8D0}
	EndGlobalSection
EndGlobal
